// !$*UTF8*$!
{
	archiveVersion = 1;
	classes = {
	};
	objectVersion = 46;
	objects = {

/* Begin PBXBuildFile section */
		15699CDC1B453C9E000C91A6 /* main.m in Sources */ = {isa = PBXBuildFile; fileRef = 15699CDB1B453C9E000C91A6 /* main.m */; };
		15699CDF1B453C9E000C91A6 /* AppDelegate.m in Sources */ = {isa = PBXBuildFile; fileRef = 15699CDE1B453C9E000C91A6 /* AppDelegate.m */; };
		15699CE21B453C9E000C91A6 /* ViewController.m in Sources */ = {isa = PBXBuildFile; fileRef = 15699CE11B453C9E000C91A6 /* ViewController.m */; };
		15699CE51B453C9E000C91A6 /* Main.storyboard in Resources */ = {isa = PBXBuildFile; fileRef = 15699CE31B453C9E000C91A6 /* Main.storyboard */; };
		15699CE71B453C9E000C91A6 /* Images.xcassets in Resources */ = {isa = PBXBuildFile; fileRef = 15699CE61B453C9E000C91A6 /* Images.xcassets */; };
		15699CEA1B453C9E000C91A6 /* LaunchScreen.xib in Resources */ = {isa = PBXBuildFile; fileRef = 15699CE81B453C9E000C91A6 /* LaunchScreen.xib */; };
		15699CF61B453C9E000C91A6 /* yshdemoTests.m in Sources */ = {isa = PBXBuildFile; fileRef = 15699CF51B453C9E000C91A6 /* yshdemoTests.m */; };
/* End PBXBuildFile section */

/* Begin PBXContainerItemProxy section */
		15699CF01B453C9E000C91A6 /* PBXContainerItemProxy */ = {
			isa = PBXContainerItemProxy;
			containerPortal = 15699CCE1B453C9D000C91A6 /* Project object */;
			proxyType = 1;
			remoteGlobalIDString = 15699CD51B453C9D000C91A6;
			remoteInfo = yshdemo;
		};
/* End PBXContainerItemProxy section */

/* Begin PBXFileReference section */
		15699CD61B453C9D000C91A6 /* yshdemo.app */ = {isa = PBXFileReference; explicitFileType = wrapper.application; includeInIndex = 0; path = yshdemo.app; sourceTree = BUILT_PRODUCTS_DIR; };
		15699CDA1B453C9E000C91A6 /* Info.plist */ = {isa = PBXFileReference; lastKnownFileType = text.plist.xml; path = Info.plist; sourceTree = "<group>"; };
		15699CDB1B453C9E000C91A6 /* main.m */ = {isa = PBXFileReference; lastKnownFileType = sourcecode.c.objc; path = main.m; sourceTree = "<group>"; };
		15699CDD1B453C9E000C91A6 /* AppDelegate.h */ = {isa = PBXFileReference; lastKnownFileType = sourcecode.c.h; path = AppDelegate.h; sourceTree = "<group>"; };
		15699CDE1B453C9E000C91A6 /* AppDelegate.m */ = {isa = PBXFileReference; lastKnownFileType = sourcecode.c.objc; path = AppDelegate.m; sourceTree = "<group>"; };
		15699CE01B453C9E000C91A6 /* ViewController.h */ = {isa = PBXFileReference; lastKnownFileType = sourcecode.c.h; path = ViewController.h; sourceTree = "<group>"; };
		15699CE11B453C9E000C91A6 /* ViewController.m */ = {isa = PBXFileReference; lastKnownFileType = sourcecode.c.objc; path = ViewController.m; sourceTree = "<group>"; };
		15699CE41B453C9E000C91A6 /* Base */ = {isa = PBXFileReference; lastKnownFileType = file.storyboard; name = Base; path = Base.lproj/Main.storyboard; sourceTree = "<group>"; };
		15699CE61B453C9E000C91A6 /* Images.xcassets */ = {isa = PBXFileReference; lastKnownFileType = folder.assetcatalog; path = Images.xcassets; sourceTree = "<group>"; };
		15699CE91B453C9E000C91A6 /* Base */ = {isa = PBXFileReference; lastKnownFileType = file.xib; name = Base; path = Base.lproj/LaunchScreen.xib; sourceTree = "<group>"; };
		15699CEF1B453C9E000C91A6 /* yshdemoTests.xctest */ = {isa = PBXFileReference; explicitFileType = wrapper.cfbundle; includeInIndex = 0; path = yshdemoTests.xctest; sourceTree = BUILT_PRODUCTS_DIR; };
		15699CF41B453C9E000C91A6 /* Info.plist */ = {isa = PBXFileReference; lastKnownFileType = text.plist.xml; path = Info.plist; sourceTree = "<group>"; };
		15699CF51B453C9E000C91A6 /* yshdemoTests.m */ = {isa = PBXFileReference; lastKnownFileType = sourcecode.c.objc; path = yshdemoTests.m; sourceTree = "<group>"; };
/* End PBXFileReference section */

/* Begin PBXFrameworksBuildPhase section */
		15699CD31B453C9D000C91A6 /* Frameworks */ = {
			isa = PBXFrameworksBuildPhase;
			buildActionMask = 2147483647;
			files = (
			);
			runOnlyForDeploymentPostprocessing = 0;
		};
		15699CEC1B453C9E000C91A6 /* Frameworks */ = {
			isa = PBXFrameworksBuildPhase;
			buildActionMask = 2147483647;
			files = (
			);
			runOnlyForDeploymentPostprocessing = 0;
		};
/* End PBXFrameworksBuildPhase section */

/* Begin PBXGroup section */
		15699CCD1B453C9D000C91A6 = {
			isa = PBXGroup;
			children = (
				15699CD81B453C9D000C91A6 /* yshdemo */,
				15699CF21B453C9E000C91A6 /* yshdemoTests */,
				15699CD71B453C9D000C91A6 /* Products */,
			);
			sourceTree = "<group>";
		};
		15699CD71B453C9D000C91A6 /* Products */ = {
			isa = PBXGroup;
			children = (
				15699CD61B453C9D000C91A6 /* yshdemo.app */,
				15699CEF1B453C9E000C91A6 /* yshdemoTests.xctest */,
			);
			name = Products;
			sourceTree = "<group>";
		};
		15699CD81B453C9D000C91A6 /* yshdemo */ = {
			isa = PBXGroup;
			children = (
				15699CDD1B453C9E000C91A6 /* AppDelegate.h */,
				15699CDE1B453C9E000C91A6 /* AppDelegate.m */,
				15699CE01B453C9E000C91A6 /* ViewController.h */,
				15699CE11B453C9E000C91A6 /* ViewController.m */,
				15699CE31B453C9E000C91A6 /* Main.storyboard */,
				15699CE61B453C9E000C91A6 /* Images.xcassets */,
				15699CE81B453C9E000C91A6 /* LaunchScreen.xib */,
				15699CD91B453C9E000C91A6 /* Supporting Files */,
			);
			path = yshdemo;
			sourceTree = "<group>";
		};
		15699CD91B453C9E000C91A6 /* Supporting Files */ = {
			isa = PBXGroup;
			children = (
				15699CDA1B453C9E000C91A6 /* Info.plist */,
				15699CDB1B453C9E000C91A6 /* main.m */,
			);
			name = "Supporting Files";
			sourceTree = "<group>";
		};
		15699CF21B453C9E000C91A6 /* yshdemoTests */ = {
			isa = PBXGroup;
			children = (
				15699CF51B453C9E000C91A6 /* yshdemoTests.m */,
				15699CF31B453C9E000C91A6 /* Supporting Files */,
			);
			path = yshdemoTests;
			sourceTree = "<group>";
		};
		15699CF31B453C9E000C91A6 /* Supporting Files */ = {
			isa = PBXGroup;
			children = (
				15699CF41B453C9E000C91A6 /* Info.plist */,
			);
			name = "Supporting Files";
			sourceTree = "<group>";
		};
/* End PBXGroup section */

/* Begin PBXNativeTarget section */
		15699CD51B453C9D000C91A6 /* yshdemo */ = {
			isa = PBXNativeTarget;
			buildConfigurationList = 15699CF91B453C9E000C91A6 /* Build configuration list for PBXNativeTarget "yshdemo" */;
			buildPhases = (
				15699CD21B453C9D000C91A6 /* Sources */,
				15699CD31B453C9D000C91A6 /* Frameworks */,
				15699CD41B453C9D000C91A6 /* Resources */,
			);
			buildRules = (
			);
			dependencies = (
			);
			name = yshdemo;
			productName = yshdemo;
			productReference = 15699CD61B453C9D000C91A6 /* yshdemo.app */;
			productType = "com.apple.product-type.application";
		};
		15699CEE1B453C9E000C91A6 /* yshdemoTests */ = {
			isa = PBXNativeTarget;
			buildConfigurationList = 15699CFC1B453C9E000C91A6 /* Build configuration list for PBXNativeTarget "yshdemoTests" */;
			buildPhases = (
				15699CEB1B453C9E000C91A6 /* Sources */,
				15699CEC1B453C9E000C91A6 /* Frameworks */,
				15699CED1B453C9E000C91A6 /* Resources */,
			);
			buildRules = (
			);
			dependencies = (
				15699CF11B453C9E000C91A6 /* PBXTargetDependency */,
			);
			name = yshdemoTests;
			productName = yshdemoTests;
			productReference = 15699CEF1B453C9E000C91A6 /* yshdemoTests.xctest */;
			productType = "com.apple.product-type.bundle.unit-test";
		};
/* End PBXNativeTarget section */

/* Begin PBXProject section */
		15699CCE1B453C9D000C91A6 /* Project object */ = {
			isa = PBXProject;
			attributes = {
				LastUpgradeCheck = 0630;
				ORGANIZATIONNAME = yushuhui;
				TargetAttributes = {
					15699CD51B453C9D000C91A6 = {
						CreatedOnToolsVersion = 6.3.2;
					};
					15699CEE1B453C9E000C91A6 = {
						CreatedOnToolsVersion = 6.3.2;
						TestTargetID = 15699CD51B453C9D000C91A6;
					};
				};
			};
			buildConfigurationList = 15699CD11B453C9D000C91A6 /* Build configuration list for PBXProject "yshdemo" */;
			compatibilityVersion = "Xcode 3.2";
			developmentRegion = English;
			hasScannedForEncodings = 0;
			knownRegions = (
				en,
				Base,
			);
			mainGroup = 15699CCD1B453C9D000C91A6;
			productRefGroup = 15699CD71B453C9D000C91A6 /* Products */;
			projectDirPath = "";
			projectRoot = "";
			targets = (
				15699CD51B453C9D000C91A6 /* yshdemo */,
				15699CEE1B453C9E000C91A6 /* yshdemoTests */,
			);
		};
/* End PBXProject section */

/* Begin PBXResourcesBuildPhase section */
		15699CD41B453C9D000C91A6 /* Resources */ = {
			isa = PBXResourcesBuildPhase;
			buildActionMask = 2147483647;
			files = (
				15699CE51B453C9E000C91A6 /* Main.storyboard in Resources */,
				15699CEA1B453C9E000C91A6 /* LaunchScreen.xib in Resources */,
				15699CE71B453C9E000C91A6 /* Images.xcassets in Resources */,
			);
			runOnlyForDeploymentPostprocessing = 0;
		};
		15699CED1B453C9E000C91A6 /* Resources */ = {
			isa = PBXResourcesBuildPhase;
			buildActionMask = 2147483647;
			files = (
			);
			runOnlyForDeploymentPostprocessing = 0;
		};
/* End PBXResourcesBuildPhase section */

/* Begin PBXSourcesBuildPhase section */
		15699CD21B453C9D000C91A6 /* Sources */ = {
			isa = PBXSourcesBuildPhase;
			buildActionMask = 2147483647;
			files = (
				15699CE21B453C9E000C91A6 /* ViewController.m in Sources */,
				15699CDF1B453C9E000C91A6 /* AppDelegate.m in Sources */,
				15699CDC1B453C9E000C91A6 /* main.m in Sources */,
			);
			runOnlyForDeploymentPostprocessing = 0;
		};
		15699CEB1B453C9E000C91A6 /* Sources */ = {
			isa = PBXSourcesBuildPhase;
			buildActionMask = 2147483647;
			files = (
				15699CF61B453C9E000C91A6 /* yshdemoTests.m in Sources */,
			);
			runOnlyForDeploymentPostprocessing = 0;
		};
/* End PBXSourcesBuildPhase section */

/* Begin PBXTargetDependency section */
		15699CF11B453C9E000C91A6 /* PBXTargetDependency */ = {
			isa = PBXTargetDependency;
			target = 15699CD51B453C9D000C91A6 /* yshdemo */;
			targetProxy = 15699CF01B453C9E000C91A6 /* PBXContainerItemProxy */;
		};
/* End PBXTargetDependency section */

/* Begin PBXVariantGroup section */
		15699CE31B453C9E000C91A6 /* Main.storyboard */ = {
			isa = PBXVariantGroup;
			children = (
				15699CE41B453C9E000C91A6 /* Base */,
			);
			name = Main.storyboard;
			sourceTree = "<group>";
		};
		15699CE81B453C9E000C91A6 /* LaunchScreen.xib */ = {
			isa = PBXVariantGroup;
			children = (
				15699CE91B453C9E000C91A6 /* Base */,
			);
			name = LaunchScreen.xib;
			sourceTree = "<group>";
		};
/* End PBXVariantGroup section */

/* Begin XCBuildConfiguration section */
		15699CF71B453C9E000C91A6 /* Debug */ = {
			isa = XCBuildConfiguration;
			buildSettings = {
				ALWAYS_SEARCH_USER_PATHS = NO;
				CLANG_CXX_LANGUAGE_STANDARD = "gnu++0x";
				CLANG_CXX_LIBRARY = "libc++";
				CLANG_ENABLE_MODULES = YES;
				CLANG_ENABLE_OBJC_ARC = YES;
				CLANG_WARN_BOOL_CONVERSION = YES;
				CLANG_WARN_CONSTANT_CONVERSION = YES;
				CLANG_WARN_DIRECT_OBJC_ISA_USAGE = YES_ERROR;
				CLANG_WARN_EMPTY_BODY = YES;
				CLANG_WARN_ENUM_CONVERSION = YES;
				CLANG_WARN_INT_CONVERSION = YES;
				CLANG_WARN_OBJC_ROOT_CLASS = YES_ERROR;
				CLANG_WARN_UNREACHABLE_CODE = YES;
				CLANG_WARN__DUPLICATE_METHOD_MATCH = YES;
				"CODE_SIGN_IDENTITY[sdk=iphoneos*]" = "iPhone Developer";
				COPY_PHASE_STRIP = NO;
				DEBUG_INFORMATION_FORMAT = "dwarf-with-dsym";
				ENABLE_STRICT_OBJC_MSGSEND = YES;
				GCC_C_LANGUAGE_STANDARD = gnu99;
				GCC_DYNAMIC_NO_PIC = NO;
				GCC_NO_COMMON_BLOCKS = YES;
				GCC_OPTIMIZATION_LEVEL = 0;
				GCC_PREPROCESSOR_DEFINITIONS = (
					"DEBUG=1",
					"$(inherited)",
				);
				GCC_SYMBOLS_PRIVATE_EXTERN = NO;
				GCC_WARN_64_TO_32_BIT_CONVERSION = YES;
				GCC_WARN_ABOUT_RETURN_TYPE = YES_ERROR;
				GCC_WARN_UNDECLARED_SELECTOR = YES;
				GCC_WARN_UNINITIALIZED_AUTOS = YES_AGGRESSIVE;
				GCC_WARN_UNUSED_FUNCTION = YES;
				GCC_WARN_UNUSED_VARIABLE = YES;
				IPHONEOS_DEPLOYMENT_TARGET = 8.3;
				MTL_ENABLE_DEBUG_INFO = YES;
				ONLY_ACTIVE_ARCH = YES;
				SDKROOT = iphoneos;
			};
			name = Debug;
		};
		15699CF81B453C9E000C91A6 /* Release */ = {
			isa = XCBuildConfiguration;
			buildSettings = {
				ALWAYS_SEARCH_USER_PATHS = NO;
				CLANG_CXX_LANGUAGE_STANDARD = "gnu++0x";
				CLANG_CXX_LIBRARY = "libc++";
				CLANG_ENABLE_MODULES = YES;
				CLANG_ENABLE_OBJC_ARC = YES;
				CLANG_WARN_BOOL_CONVERSION = YES;
				CLANG_WARN_CONSTANT_CONVERSION = YES;
				CLANG_WARN_DIRECT_OBJC_ISA_USAGE = YES_ERROR;
				CLANG_WARN_EMPTY_BODY = YES;
				CLANG_WARN_ENUM_CONVERSION = YES;
				CLANG_WARN_INT_CONVERSION = YES;
				CLANG_WARN_OBJC_ROOT_CLASS = YES_ERROR;
				CLANG_WARN_UNREACHABLE_CODE = YES;
				CLANG_WARN__DUPLICATE_METHOD_MATCH = YES;
				"CODE_SIGN_IDENTITY[sdk=iphoneos*]" = "iPhone Developer";
				COPY_PHASE_STRIP = NO;
				DEBUG_INFORMATION_FORMAT = "dwarf-with-dsym";
				ENABLE_NS_ASSERTIONS = NO;
				ENABLE_STRICT_OBJC_MSGSEND = YES;
				GCC_C_LANGUAGE_STANDARD = gnu99;
				GCC_NO_COMMON_BLOCKS = YES;
				GCC_WARN_64_TO_32_BIT_CONVERSION = YES;
				GCC_WARN_ABOUT_RETURN_TYPE = YES_ERROR;
				GCC_WARN_UNDECLARED_SELECTOR = YES;
				GCC_WARN_UNINITIALIZED_AUTOS = YES_AGGRESSIVE;
				GCC_WARN_UNUSED_FUNCTION = YES;
				GCC_WARN_UNUSED_VARIABLE = YES;
				IPHONEOS_DEPLOYMENT_TARGET = 8.3;
				MTL_ENABLE_DEBUG_INFO = NO;
				SDKROOT = iphoneos;
				VALIDATE_PRODUCT = YES;
			};
			name = Release;
		};
		15699CFA1B453C9E000C91A6 /* Debug */ = {
			isa = XCBuildConfiguration;
			buildSettings = {
				ASSETCATALOG_COMPILER_APPICON_NAME = AppIcon;
				INFOPLIST_FILE = yshdemo/Info.plist;
				LD_RUNPATH_SEARCH_PATHS = "$(inherited) @executable_path/Frameworks";
				PRODUCT_NAME = "$(TARGET_NAME)";
			};
			name = Debug;
		};
		15699CFB1B453C9E000C91A6 /* Release */ = {
			isa = XCBuildConfiguration;
			buildSettings = {
				ASSETCATALOG_COMPILER_APPICON_NAME = AppIcon;
				INFOPLIST_FILE = yshdemo/Info.plist;
				LD_RUNPATH_SEARCH_PATHS = "$(inherited) @executable_path/Frameworks";
				PRODUCT_NAME = "$(TARGET_NAME)";
			};
			name = Release;
		};
		15699CFD1B453C9E000C91A6 /* Debug */ = {
			isa = XCBuildConfiguration;
			buildSettings = {
				BUNDLE_LOADER = "$(TEST_HOST)";
				FRAMEWORK_SEARCH_PATHS = (
					"$(SDKROOT)/Developer/Library/Frameworks",
					"$(inherited)",
				);
				GCC_PREPROCESSOR_DEFINITIONS = (
					"DEBUG=1",
					"$(inherited)",
				);
				INFOPLIST_FILE = yshdemoTests/Info.plist;
				LD_RUNPATH_SEARCH_PATHS = "$(inherited) @executable_path/Frameworks @loader_path/Frameworks";
				PRODUCT_NAME = "$(TARGET_NAME)";
				TEST_HOST = "$(BUILT_PRODUCTS_DIR)/yshdemo.app/yshdemo";
			};
			name = Debug;
		};
		15699CFE1B453C9E000C91A6 /* Release */ = {
			isa = XCBuildConfiguration;
			buildSettings = {
				BUNDLE_LOADER = "$(TEST_HOST)";
				FRAMEWORK_SEARCH_PATHS = (
					"$(SDKROOT)/Developer/Library/Frameworks",
					"$(inherited)",
				);
				INFOPLIST_FILE = yshdemoTests/Info.plist;
				LD_RUNPATH_SEARCH_PATHS = "$(inherited) @executable_path/Frameworks @loader_path/Frameworks";
				PRODUCT_NAME = "$(TARGET_NAME)";
				TEST_HOST = "$(BUILT_PRODUCTS_DIR)/yshdemo.app/yshdemo";
			};
			name = Release;
		};
/* End XCBuildConfiguration section */

/* Begin XCConfigurationList section */
		15699CD11B453C9D000C91A6 /* Build configuration list for PBXProject "yshdemo" */ = {
			isa = XCConfigurationList;
			buildConfigurations = (
				15699CF71B453C9E000C91A6 /* Debug */,
				15699CF81B453C9E000C91A6 /* Release */,
			);
			defaultConfigurationIsVisible = 0;
			defaultConfigurationName = Release;
		};
		15699CF91B453C9E000C91A6 /* Build configuration list for PBXNativeTarget "yshdemo" */ = {
			isa = XCConfigurationList;
			buildConfigurations = (
				15699CFA1B453C9E000C91A6 /* Debug */,
				15699CFB1B453C9E000C91A6 /* Release */,
			);
			defaultConfigurationIsVisible = 0;
		};
		15699CFC1B453C9E000C91A6 /* Build configuration list for PBXNativeTarget "yshdemoTests" */ = {
			isa = XCConfigurationList;
			buildConfigurations = (
				15699CFD1B453C9E000C91A6 /* Debug */,
				15699CFE1B453C9E000C91A6 /* Release */,
			);
			defaultConfigurationIsVisible = 0;
		};
/* End XCConfigurationList section */
	};
	rootObject = 15699CCE1B453C9D000C91A6 /* Project object */;
}
